
Microsoft Visual Studio Solution File, Format Version 12.00
# Visual Studio 2013
VisualStudioVersion = 12.0.30501.0
MinimumVisualStudioVersion = 10.0.40219.1
Project("{FAE04EC0-301F-11D3-BF4B-00C04F79EFBC}") = "Actemium.Stratus.Database", "Actemium.Stratus.Database\Actemium.Stratus.Database.csproj", "{08078AB8-7ACD-4057-9E08-4A35990AC243}"
	ProjectSection(ProjectDependencies) = postProject
		{48DC2126-B15A-4302-B120-DC22D88756D6} = {48DC2126-B15A-4302-B120-DC22D88756D6}
	EndProjectSection
EndProject
Project("{FAE04EC0-301F-11D3-BF4B-00C04F79EFBC}") = "Actemium.Stratus.DataObjects", "Actemium.Stratus.DataObjects\Actemium.Stratus.DataObjects.csproj", "{3EAEA93C-6A66-4671-B465-C003CDB23DC4}"
	ProjectSection(ProjectDependencies) = postProject
		{48DC2126-B15A-4302-B120-DC22D88756D6} = {48DC2126-B15A-4302-B120-DC22D88756D6}
	EndProjectSection
EndProject
Project("{FAE04EC0-301F-11D3-BF4B-00C04F79EFBC}") = "Actemium.Stratus.ImporterPlugin", "Actemium.Stratus.ImporterPlugin\Actemium.Stratus.ImporterPlugin.csproj", "{C15E4496-35E3-4EDE-8F21-94C1B6E6F9D3}"
	ProjectSection(ProjectDependencies) = postProject
		{48DC2126-B15A-4302-B120-DC22D88756D6} = {48DC2126-B15A-4302-B120-DC22D88756D6}
	EndProjectSection
EndProject
Project("{FAE04EC0-301F-11D3-BF4B-00C04F79EFBC}") = "Actemium.Stratus.MailboxPlugin", "Actemium.Stratus.Mailbox\Actemium.Stratus.MailboxPlugin.csproj", "{C4E71B99-8BB3-413F-B6C9-ACF1C63CDD64}"
	ProjectSection(ProjectDependencies) = postProject
		{D4A30411-3DFF-4516-B30F-8071E5975599} = {D4A30411-3DFF-4516-B30F-8071E5975599}
		{04AE621B-2B85-4695-BE42-46D070C76782} = {04AE621B-2B85-4695-BE42-46D070C76782}
		{48DC2126-B15A-4302-B120-DC22D88756D6} = {48DC2126-B15A-4302-B120-DC22D88756D6}
		{3EAEA93C-6A66-4671-B465-C003CDB23DC4} = {3EAEA93C-6A66-4671-B465-C003CDB23DC4}
		{986DE740-0E51-48ED-A558-8CD094C8A075} = {986DE740-0E51-48ED-A558-8CD094C8A075}
		{C15E4496-35E3-4EDE-8F21-94C1B6E6F9D3} = {C15E4496-35E3-4EDE-8F21-94C1B6E6F9D3}
		{08078AB8-7ACD-4057-9E08-4A35990AC243} = {08078AB8-7ACD-4057-9E08-4A35990AC243}
	EndProjectSection
EndProject
Project("{FAE04EC0-301F-11D3-BF4B-00C04F79EFBC}") = "Actemium.Stratus.RepositoryPlugin", "Actemium.Stratus.RepositoryPlugin\Actemium.Stratus.RepositoryPlugin.csproj", "{986DE740-0E51-48ED-A558-8CD094C8A075}"
	ProjectSection(ProjectDependencies) = postProject
		{48DC2126-B15A-4302-B120-DC22D88756D6} = {48DC2126-B15A-4302-B120-DC22D88756D6}
		{7D161F5B-E039-4155-BC66-D2FF760903A8} = {7D161F5B-E039-4155-BC66-D2FF760903A8}
		{B5BD75B4-90B4-4BDE-9A6E-76A23A6D8B2D} = {B5BD75B4-90B4-4BDE-9A6E-76A23A6D8B2D}
	EndProjectSection
EndProject
Project("{FAE04EC0-301F-11D3-BF4B-00C04F79EFBC}") = "Actemium.Stratus.Contracts", "Actemium.Stratus.Contracts\Actemium.Stratus.Contracts.csproj", "{4C83AB3D-69C8-4830-91FD-A25646B34F3D}"
	ProjectSection(ProjectDependencies) = postProject
		{48DC2126-B15A-4302-B120-DC22D88756D6} = {48DC2126-B15A-4302-B120-DC22D88756D6}
	EndProjectSection
EndProject
Project("{FAE04EC0-301F-11D3-BF4B-00C04F79EFBC}") = "Actemium.Stratus.ThirdParty", "Actemium.Stratus.ThirdParty\Actemium.Stratus.ThirdParty.csproj", "{1A1ACF08-25D7-425A-9606-BBAF10AE8415}"
	ProjectSection(ProjectDependencies) = postProject
		{48DC2126-B15A-4302-B120-DC22D88756D6} = {48DC2126-B15A-4302-B120-DC22D88756D6}
		{3EAEA93C-6A66-4671-B465-C003CDB23DC4} = {3EAEA93C-6A66-4671-B465-C003CDB23DC4}
		{4C83AB3D-69C8-4830-91FD-A25646B34F3D} = {4C83AB3D-69C8-4830-91FD-A25646B34F3D}
		{986DE740-0E51-48ED-A558-8CD094C8A075} = {986DE740-0E51-48ED-A558-8CD094C8A075}
		{C15E4496-35E3-4EDE-8F21-94C1B6E6F9D3} = {C15E4496-35E3-4EDE-8F21-94C1B6E6F9D3}
		{C4E71B99-8BB3-413F-B6C9-ACF1C63CDD64} = {C4E71B99-8BB3-413F-B6C9-ACF1C63CDD64}
		{08078AB8-7ACD-4057-9E08-4A35990AC243} = {08078AB8-7ACD-4057-9E08-4A35990AC243}
	EndProjectSection
EndProject
Project("{2150E333-8FDC-42A3-9474-1A3956D46DE8}") = "Plugins", "Plugins", "{3FD8A166-7502-403C-9477-273033AD1E1E}"
EndProject
Project("{FAE04EC0-301F-11D3-BF4B-00C04F79EFBC}") = "Actemium.Stratus.ResultsExplorerPlugin", "Actemium.Stratus.ResultsExplorerPlugin\Actemium.Stratus.ResultsExplorerPlugin.csproj", "{E2E30230-0E6E-405E-A9B3-D0DF2698657F}"
	ProjectSection(ProjectDependencies) = postProject
		{4D120018-56D3-4127-87B9-289433B8DCE3} = {4D120018-56D3-4127-87B9-289433B8DCE3}
		{48DC2126-B15A-4302-B120-DC22D88756D6} = {48DC2126-B15A-4302-B120-DC22D88756D6}
		{7D161F5B-E039-4155-BC66-D2FF760903A8} = {7D161F5B-E039-4155-BC66-D2FF760903A8}
		{B5BD75B4-90B4-4BDE-9A6E-76A23A6D8B2D} = {B5BD75B4-90B4-4BDE-9A6E-76A23A6D8B2D}
		{CE9DD8BE-D281-4AEA-9DA2-0E99CE5EDEF2} = {CE9DD8BE-D281-4AEA-9DA2-0E99CE5EDEF2}
	EndProjectSection
EndProject
Project("{2150E333-8FDC-42A3-9474-1A3956D46DE8}") = "AppBootstrap", "AppBootstrap", "{150A49BD-586A-439E-8620-18FA88E58CAE}"
EndProject
Project("{FAE04EC0-301F-11D3-BF4B-00C04F79EFBC}") = "WhoSol.ServiceController", "WhoSol.ServiceController\WhoSol.ServiceController.csproj", "{48DC2126-B15A-4302-B120-DC22D88756D6}"
	ProjectSection(ProjectDependencies) = postProject
		{4D120018-56D3-4127-87B9-289433B8DCE3} = {4D120018-56D3-4127-87B9-289433B8DCE3}
		{04AE621B-2B85-4695-BE42-46D070C76782} = {04AE621B-2B85-4695-BE42-46D070C76782}
		{7D161F5B-E039-4155-BC66-D2FF760903A8} = {7D161F5B-E039-4155-BC66-D2FF760903A8}
		{B5BD75B4-90B4-4BDE-9A6E-76A23A6D8B2D} = {B5BD75B4-90B4-4BDE-9A6E-76A23A6D8B2D}
		{CE9DD8BE-D281-4AEA-9DA2-0E99CE5EDEF2} = {CE9DD8BE-D281-4AEA-9DA2-0E99CE5EDEF2}
		{FFA826DE-DC5B-4C21-A72C-88CAEA3D218A} = {FFA826DE-DC5B-4C21-A72C-88CAEA3D218A}
	EndProjectSection
EndProject
Project("{FAE04EC0-301F-11D3-BF4B-00C04F79EFBC}") = "WhoSol.Contracts", "WhoSol.Contracts\WhoSol.Contracts.csproj", "{D4A30411-3DFF-4516-B30F-8071E5975599}"
EndProject
Project("{2150E333-8FDC-42A3-9474-1A3956D46DE8}") = ".nuget", ".nuget", "{734C0A35-5D51-48CD-8AC2-087D43E847D2}"
	ProjectSection(SolutionItems) = preProject
		.nuget\NuGet.Config = .nuget\NuGet.Config
		.nuget\NuGet.exe = .nuget\NuGet.exe
		.nuget\NuGet.targets = .nuget\NuGet.targets
	EndProjectSection
EndProject
Project("{FAE04EC0-301F-11D3-BF4B-00C04F79EFBC}") = "WhoSol.WebServerPlugin", "WhoSol.WebServerPlugin\WhoSol.WebServerPlugin.csproj", "{CE9DD8BE-D281-4AEA-9DA2-0E99CE5EDEF2}"
EndProject
Project("{FAE04EC0-301F-11D3-BF4B-00C04F79EFBC}") = "WhoSol.SignalRPlugin", "WhoSol.SignalRPlugin\WhoSol.SignalRPlugin.csproj", "{4D120018-56D3-4127-87B9-289433B8DCE3}"
EndProject
Project("{FAE04EC0-301F-11D3-BF4B-00C04F79EFBC}") = "WhoSol.OwinSelfHostPlugin", "WhoSol.OwinSelfHostPlugin\WhoSol.OwinSelfHostPlugin.csproj", "{B5BD75B4-90B4-4BDE-9A6E-76A23A6D8B2D}"
EndProject
Project("{2150E333-8FDC-42A3-9474-1A3956D46DE8}") = "Plugins", "Plugins", "{BD738764-F441-4CF1-A2C7-1D042E764AD9}"
EndProject
Project("{FAE04EC0-301F-11D3-BF4B-00C04F79EFBC}") = "WhoSol.ThirdParty", "WhoSol.ThirdParty\WhoSol.ThirdParty.csproj", "{FFA826DE-DC5B-4C21-A72C-88CAEA3D218A}"
EndProject
Project("{FAE04EC0-301F-11D3-BF4B-00C04F79EFBC}") = "WhoSol.Utilities", "WhoSol.Utilities\WhoSol.Utilities.csproj", "{04AE621B-2B85-4695-BE42-46D070C76782}"
EndProject
Project("{FAE04EC0-301F-11D3-BF4B-00C04F79EFBC}") = "WhoSol.WebApiPlugin", "WhoSol.WebApiPlugin\WhoSol.WebApiPlugin.csproj", "{7D161F5B-E039-4155-BC66-D2FF760903A8}"
EndProject
Global
	GlobalSection(SolutionConfigurationPlatforms) = preSolution
		Debug - All|Any CPU = Debug - All|Any CPU
		Release - All|Any CPU = Release - All|Any CPU
	EndGlobalSection
	GlobalSection(ProjectConfigurationPlatforms) = postSolution
		{08078AB8-7ACD-4057-9E08-4A35990AC243}.Debug - All|Any CPU.ActiveCfg = Debug|Any CPU
		{08078AB8-7ACD-4057-9E08-4A35990AC243}.Debug - All|Any CPU.Build.0 = Debug|Any CPU
		{08078AB8-7ACD-4057-9E08-4A35990AC243}.Release - All|Any CPU.ActiveCfg = Release|Any CPU
		{08078AB8-7ACD-4057-9E08-4A35990AC243}.Release - All|Any CPU.Build.0 = Release|Any CPU
		{3EAEA93C-6A66-4671-B465-C003CDB23DC4}.Debug - All|Any CPU.ActiveCfg = Debug|Any CPU
		{3EAEA93C-6A66-4671-B465-C003CDB23DC4}.Debug - All|Any CPU.Build.0 = Debug|Any CPU
		{3EAEA93C-6A66-4671-B465-C003CDB23DC4}.Release - All|Any CPU.ActiveCfg = Release|Any CPU
		{3EAEA93C-6A66-4671-B465-C003CDB23DC4}.Release - All|Any CPU.Build.0 = Release|Any CPU
		{C15E4496-35E3-4EDE-8F21-94C1B6E6F9D3}.Debug - All|Any CPU.ActiveCfg = Debug|Any CPU
		{C15E4496-35E3-4EDE-8F21-94C1B6E6F9D3}.Debug - All|Any CPU.Build.0 = Debug|Any CPU
		{C15E4496-35E3-4EDE-8F21-94C1B6E6F9D3}.Release - All|Any CPU.ActiveCfg = Release|Any CPU
		{C15E4496-35E3-4EDE-8F21-94C1B6E6F9D3}.Release - All|Any CPU.Build.0 = Release|Any CPU
		{C4E71B99-8BB3-413F-B6C9-ACF1C63CDD64}.Debug - All|Any CPU.ActiveCfg = Debug|Any CPU
		{C4E71B99-8BB3-413F-B6C9-ACF1C63CDD64}.Debug - All|Any CPU.Build.0 = Debug|Any CPU
		{C4E71B99-8BB3-413F-B6C9-ACF1C63CDD64}.Release - All|Any CPU.ActiveCfg = Release|Any CPU
		{C4E71B99-8BB3-413F-B6C9-ACF1C63CDD64}.Release - All|Any CPU.Build.0 = Release|Any CPU
		{986DE740-0E51-48ED-A558-8CD094C8A075}.Debug - All|Any CPU.ActiveCfg = Debug|Any CPU
		{986DE740-0E51-48ED-A558-8CD094C8A075}.Debug - All|Any CPU.Build.0 = Debug|Any CPU
		{986DE740-0E51-48ED-A558-8CD094C8A075}.Release - All|Any CPU.ActiveCfg = Release|Any CPU
		{986DE740-0E51-48ED-A558-8CD094C8A075}.Release - All|Any CPU.Build.0 = Release|Any CPU
		{4C83AB3D-69C8-4830-91FD-A25646B34F3D}.Debug - All|Any CPU.ActiveCfg = Debug|Any CPU
		{4C83AB3D-69C8-4830-91FD-A25646B34F3D}.Debug - All|Any CPU.Build.0 = Debug|Any CPU
		{4C83AB3D-69C8-4830-91FD-A25646B34F3D}.Release - All|Any CPU.ActiveCfg = Release|Any CPU
		{4C83AB3D-69C8-4830-91FD-A25646B34F3D}.Release - All|Any CPU.Build.0 = Release|Any CPU
		{1A1ACF08-25D7-425A-9606-BBAF10AE8415}.Debug - All|Any CPU.ActiveCfg = Debug|Any CPU
		{1A1ACF08-25D7-425A-9606-BBAF10AE8415}.Debug - All|Any CPU.Build.0 = Debug|Any CPU
		{1A1ACF08-25D7-425A-9606-BBAF10AE8415}.Release - All|Any CPU.ActiveCfg = Release|Any CPU
		{1A1ACF08-25D7-425A-9606-BBAF10AE8415}.Release - All|Any CPU.Build.0 = Release|Any CPU
		{E2E30230-0E6E-405E-A9B3-D0DF2698657F}.Debug - All|Any CPU.ActiveCfg = Debug|Any CPU
		{E2E30230-0E6E-405E-A9B3-D0DF2698657F}.Debug - All|Any CPU.Build.0 = Debug|Any CPU
		{E2E30230-0E6E-405E-A9B3-D0DF2698657F}.Release - All|Any CPU.ActiveCfg = Release|Any CPU
		{E2E30230-0E6E-405E-A9B3-D0DF2698657F}.Release - All|Any CPU.Build.0 = Release|Any CPU
		{48DC2126-B15A-4302-B120-DC22D88756D6}.Debug - All|Any CPU.ActiveCfg = Debug|Any CPU
		{48DC2126-B15A-4302-B120-DC22D88756D6}.Debug - All|Any CPU.Build.0 = Debug|Any CPU
		{48DC2126-B15A-4302-B120-DC22D88756D6}.Release - All|Any CPU.ActiveCfg = Release|Any CPU
		{48DC2126-B15A-4302-B120-DC22D88756D6}.Release - All|Any CPU.Build.0 = Release|Any CPU
		{D4A30411-3DFF-4516-B30F-8071E5975599}.Debug - All|Any CPU.ActiveCfg = Debug|Any CPU
		{D4A30411-3DFF-4516-B30F-8071E5975599}.Debug - All|Any CPU.Build.0 = Debug|Any CPU
		{D4A30411-3DFF-4516-B30F-8071E5975599}.Release - All|Any CPU.ActiveCfg = Release|Any CPU
		{D4A30411-3DFF-4516-B30F-8071E5975599}.Release - All|Any CPU.Build.0 = Release|Any CPU
		{CE9DD8BE-D281-4AEA-9DA2-0E99CE5EDEF2}.Debug - All|Any CPU.ActiveCfg = Debug|Any CPU
		{CE9DD8BE-D281-4AEA-9DA2-0E99CE5EDEF2}.Debug - All|Any CPU.Build.0 = Debug|Any CPU
		{CE9DD8BE-D281-4AEA-9DA2-0E99CE5EDEF2}.Release - All|Any CPU.ActiveCfg = Release|Any CPU
		{CE9DD8BE-D281-4AEA-9DA2-0E99CE5EDEF2}.Release - All|Any CPU.Build.0 = Release|Any CPU
		{4D120018-56D3-4127-87B9-289433B8DCE3}.Debug - All|Any CPU.ActiveCfg = Debug|Any CPU
		{4D120018-56D3-4127-87B9-289433B8DCE3}.Debug - All|Any CPU.Build.0 = Debug|Any CPU
		{4D120018-56D3-4127-87B9-289433B8DCE3}.Release - All|Any CPU.ActiveCfg = Release|Any CPU
		{4D120018-56D3-4127-87B9-289433B8DCE3}.Release - All|Any CPU.Build.0 = Release|Any CPU
		{B5BD75B4-90B4-4BDE-9A6E-76A23A6D8B2D}.Debug - All|Any CPU.ActiveCfg = Debug|Any CPU
		{B5BD75B4-90B4-4BDE-9A6E-76A23A6D8B2D}.Debug - All|Any CPU.Build.0 = Debug|Any CPU
		{B5BD75B4-90B4-4BDE-9A6E-76A23A6D8B2D}.Release - All|Any CPU.ActiveCfg = Release|Any CPU
		{B5BD75B4-90B4-4BDE-9A6E-76A23A6D8B2D}.Release - All|Any CPU.Build.0 = Release|Any CPU
		{FFA826DE-DC5B-4C21-A72C-88CAEA3D218A}.Debug - All|Any CPU.ActiveCfg = Debug|Any CPU
		{FFA826DE-DC5B-4C21-A72C-88CAEA3D218A}.Debug - All|Any CPU.Build.0 = Debug|Any CPU
		{FFA826DE-DC5B-4C21-A72C-88CAEA3D218A}.Release - All|Any CPU.ActiveCfg = Release|Any CPU
		{FFA826DE-DC5B-4C21-A72C-88CAEA3D218A}.Release - All|Any CPU.Build.0 = Release|Any CPU
		{04AE621B-2B85-4695-BE42-46D070C76782}.Debug - All|Any CPU.ActiveCfg = Debug|Any CPU
		{04AE621B-2B85-4695-BE42-46D070C76782}.Debug - All|Any CPU.Build.0 = Debug|Any CPU
		{04AE621B-2B85-4695-BE42-46D070C76782}.Release - All|Any CPU.ActiveCfg = Release|Any CPU
		{04AE621B-2B85-4695-BE42-46D070C76782}.Release - All|Any CPU.Build.0 = Release|Any CPU
		{7D161F5B-E039-4155-BC66-D2FF760903A8}.Debug - All|Any CPU.ActiveCfg = Debug|Any CPU
		{7D161F5B-E039-4155-BC66-D2FF760903A8}.Debug - All|Any CPU.Build.0 = Debug|Any CPU
		{7D161F5B-E039-4155-BC66-D2FF760903A8}.Release - All|Any CPU.ActiveCfg = Release|Any CPU
		{7D161F5B-E039-4155-BC66-D2FF760903A8}.Release - All|Any CPU.Build.0 = Release|Any CPU
	EndGlobalSection
	GlobalSection(SolutionProperties) = preSolution
		HideSolutionNode = FALSE
	EndGlobalSection
	GlobalSection(NestedProjects) = preSolution
		{C15E4496-35E3-4EDE-8F21-94C1B6E6F9D3} = {3FD8A166-7502-403C-9477-273033AD1E1E}
		{C4E71B99-8BB3-413F-B6C9-ACF1C63CDD64} = {3FD8A166-7502-403C-9477-273033AD1E1E}
		{986DE740-0E51-48ED-A558-8CD094C8A075} = {3FD8A166-7502-403C-9477-273033AD1E1E}
		{E2E30230-0E6E-405E-A9B3-D0DF2698657F} = {3FD8A166-7502-403C-9477-273033AD1E1E}
		{48DC2126-B15A-4302-B120-DC22D88756D6} = {150A49BD-586A-439E-8620-18FA88E58CAE}
		{D4A30411-3DFF-4516-B30F-8071E5975599} = {150A49BD-586A-439E-8620-18FA88E58CAE}
		{734C0A35-5D51-48CD-8AC2-087D43E847D2} = {150A49BD-586A-439E-8620-18FA88E58CAE}
		{CE9DD8BE-D281-4AEA-9DA2-0E99CE5EDEF2} = {BD738764-F441-4CF1-A2C7-1D042E764AD9}
		{4D120018-56D3-4127-87B9-289433B8DCE3} = {BD738764-F441-4CF1-A2C7-1D042E764AD9}
		{B5BD75B4-90B4-4BDE-9A6E-76A23A6D8B2D} = {BD738764-F441-4CF1-A2C7-1D042E764AD9}
		{BD738764-F441-4CF1-A2C7-1D042E764AD9} = {150A49BD-586A-439E-8620-18FA88E58CAE}
		{FFA826DE-DC5B-4C21-A72C-88CAEA3D218A} = {150A49BD-586A-439E-8620-18FA88E58CAE}
		{04AE621B-2B85-4695-BE42-46D070C76782} = {150A49BD-586A-439E-8620-18FA88E58CAE}
		{7D161F5B-E039-4155-BC66-D2FF760903A8} = {BD738764-F441-4CF1-A2C7-1D042E764AD9}
	EndGlobalSection
EndGlobal
