
Microsoft Visual Studio Solution File, Format Version 12.00
# Visual Studio 2013
VisualStudioVersion = 12.0.30501.0
MinimumVisualStudioVersion = 10.0.40219.1
Project("{FAE04EC0-301F-11D3-BF4B-00C04F79EFBC}") = "WhoSol.ServiceController", "WhoSol.ServiceController\WhoSol.ServiceController.csproj", "{48DC2126-B15A-4302-B120-DC22D88756D6}"
	ProjectSection(ProjectDependencies) = postProject
		{2686AF09-ED09-4CEE-B4B0-1CE0A63434D5} = {2686AF09-ED09-4CEE-B4B0-1CE0A63434D5}
		{4D120018-56D3-4127-87B9-289433B8DCE3} = {4D120018-56D3-4127-87B9-289433B8DCE3}
		{91155618-169B-4057-906D-E06753D76166} = {91155618-169B-4057-906D-E06753D76166}
		{04AE621B-2B85-4695-BE42-46D070C76782} = {04AE621B-2B85-4695-BE42-46D070C76782}
		{7D161F5B-E039-4155-BC66-D2FF760903A8} = {7D161F5B-E039-4155-BC66-D2FF760903A8}
		{67574294-1352-48EE-A1AB-DA6A9C99DD00} = {67574294-1352-48EE-A1AB-DA6A9C99DD00}
		{B5BD75B4-90B4-4BDE-9A6E-76A23A6D8B2D} = {B5BD75B4-90B4-4BDE-9A6E-76A23A6D8B2D}
		{CE9DD8BE-D281-4AEA-9DA2-0E99CE5EDEF2} = {CE9DD8BE-D281-4AEA-9DA2-0E99CE5EDEF2}
		{FFA826DE-DC5B-4C21-A72C-88CAEA3D218A} = {FFA826DE-DC5B-4C21-A72C-88CAEA3D218A}
	EndProjectSection
EndProject
Project("{FAE04EC0-301F-11D3-BF4B-00C04F79EFBC}") = "WhoSol.Contracts", "WhoSol.Contracts\WhoSol.Contracts.csproj", "{D4A30411-3DFF-4516-B30F-8071E5975599}"
EndProject
Project("{2150E333-8FDC-42A3-9474-1A3956D46DE8}") = ".nuget", ".nuget", "{734C0A35-5D51-48CD-8AC2-087D43E847D2}"
	ProjectSection(SolutionItems) = preProject
		.nuget\NuGet.Config = .nuget\NuGet.Config
		.nuget\NuGet.exe = .nuget\NuGet.exe
		.nuget\NuGet.targets = .nuget\NuGet.targets
	EndProjectSection
EndProject
Project("{FAE04EC0-301F-11D3-BF4B-00C04F79EFBC}") = "WhoSol.WebServerPlugin", "WhoSol.WebServerPlugin\WhoSol.WebServerPlugin.csproj", "{CE9DD8BE-D281-4AEA-9DA2-0E99CE5EDEF2}"
EndProject
Project("{FAE04EC0-301F-11D3-BF4B-00C04F79EFBC}") = "WhoSol.SignalRPlugin", "WhoSol.SignalRPlugin\WhoSol.SignalRPlugin.csproj", "{4D120018-56D3-4127-87B9-289433B8DCE3}"
EndProject
Project("{FAE04EC0-301F-11D3-BF4B-00C04F79EFBC}") = "WhoSol.OwinSelfHostPlugin", "WhoSol.OwinSelfHostPlugin\WhoSol.OwinSelfHostPlugin.csproj", "{B5BD75B4-90B4-4BDE-9A6E-76A23A6D8B2D}"
EndProject
Project("{2150E333-8FDC-42A3-9474-1A3956D46DE8}") = "Plugins", "Plugins", "{BD738764-F441-4CF1-A2C7-1D042E764AD9}"
EndProject
Project("{FAE04EC0-301F-11D3-BF4B-00C04F79EFBC}") = "WhoSol.ThirdParty", "WhoSol.ThirdParty\WhoSol.ThirdParty.csproj", "{FFA826DE-DC5B-4C21-A72C-88CAEA3D218A}"
EndProject
Project("{FAE04EC0-301F-11D3-BF4B-00C04F79EFBC}") = "WhoSol.Utilities", "WhoSol.Utilities\WhoSol.Utilities.csproj", "{04AE621B-2B85-4695-BE42-46D070C76782}"
EndProject
Project("{FAE04EC0-301F-11D3-BF4B-00C04F79EFBC}") = "WhoSol.WebApiPlugin", "WhoSol.WebApiPlugin\WhoSol.WebApiPlugin.csproj", "{7D161F5B-E039-4155-BC66-D2FF760903A8}"
EndProject
Project("{FAE04EC0-301F-11D3-BF4B-00C04F79EFBC}") = "WhoSol.DirectoryScannerPlugin", "WhoSol.DirectoryScannerPlugin\WhoSol.DirectoryScannerPlugin.csproj", "{2686AF09-ED09-4CEE-B4B0-1CE0A63434D5}"
EndProject
Project("{FAE04EC0-301F-11D3-BF4B-00C04F79EFBC}") = "WhoSol.XMLDBPlugin", "WhoSol.XMLDBPlugin\WhoSol.XMLDBPlugin.csproj", "{91155618-169B-4057-906D-E06753D76166}"
EndProject
Project("{FAE04EC0-301F-11D3-BF4B-00C04F79EFBC}") = "WhoSol.EntityFrameworkPlugin", "WhoSol.EntityFrameworkPlugin\WhoSol.EntityFrameworkPlugin.csproj", "{67574294-1352-48EE-A1AB-DA6A9C99DD00}"
EndProject
Project("{2150E333-8FDC-42A3-9474-1A3956D46DE8}") = "Solution Items", "Solution Items", "{EC1298D1-77C9-4A62-864D-D7AEA5CB619E}"
	ProjectSection(SolutionItems) = preProject
		VersionInfo.cs = VersionInfo.cs
	EndProjectSection
EndProject
Project("{930C7802-8A8C-48F9-8165-68863BCCD9DD}") = "WhoSol.AppBootstrap.MergeModule", "WhoSol.AppBootstrap.MergeModule\WhoSol.AppBootstrap.MergeModule.wixproj", "{018334B0-9243-4935-9D6C-3B02C26CB344}"
EndProject
Global
	GlobalSection(SolutionConfigurationPlatforms) = preSolution
		Debug|Any CPU = Debug|Any CPU
		Debug|Mixed Platforms = Debug|Mixed Platforms
		Debug|x86 = Debug|x86
		Release|Any CPU = Release|Any CPU
		Release|Mixed Platforms = Release|Mixed Platforms
		Release|x86 = Release|x86
	EndGlobalSection
	GlobalSection(ProjectConfigurationPlatforms) = postSolution
		{48DC2126-B15A-4302-B120-DC22D88756D6}.Debug|Any CPU.ActiveCfg = Debug|Any CPU
		{48DC2126-B15A-4302-B120-DC22D88756D6}.Debug|Any CPU.Build.0 = Debug|Any CPU
		{48DC2126-B15A-4302-B120-DC22D88756D6}.Debug|Mixed Platforms.ActiveCfg = Debug|Any CPU
		{48DC2126-B15A-4302-B120-DC22D88756D6}.Debug|Mixed Platforms.Build.0 = Debug|Any CPU
		{48DC2126-B15A-4302-B120-DC22D88756D6}.Debug|x86.ActiveCfg = Debug|Any CPU
		{48DC2126-B15A-4302-B120-DC22D88756D6}.Release|Any CPU.ActiveCfg = Release|Any CPU
		{48DC2126-B15A-4302-B120-DC22D88756D6}.Release|Any CPU.Build.0 = Release|Any CPU
		{48DC2126-B15A-4302-B120-DC22D88756D6}.Release|Mixed Platforms.ActiveCfg = Release|Any CPU
		{48DC2126-B15A-4302-B120-DC22D88756D6}.Release|Mixed Platforms.Build.0 = Release|Any CPU
		{48DC2126-B15A-4302-B120-DC22D88756D6}.Release|x86.ActiveCfg = Release|Any CPU
		{D4A30411-3DFF-4516-B30F-8071E5975599}.Debug|Any CPU.ActiveCfg = Debug|Any CPU
		{D4A30411-3DFF-4516-B30F-8071E5975599}.Debug|Any CPU.Build.0 = Debug|Any CPU
		{D4A30411-3DFF-4516-B30F-8071E5975599}.Debug|Mixed Platforms.ActiveCfg = Debug|Any CPU
		{D4A30411-3DFF-4516-B30F-8071E5975599}.Debug|Mixed Platforms.Build.0 = Debug|Any CPU
		{D4A30411-3DFF-4516-B30F-8071E5975599}.Debug|x86.ActiveCfg = Debug|Any CPU
		{D4A30411-3DFF-4516-B30F-8071E5975599}.Release|Any CPU.ActiveCfg = Release|Any CPU
		{D4A30411-3DFF-4516-B30F-8071E5975599}.Release|Any CPU.Build.0 = Release|Any CPU
		{D4A30411-3DFF-4516-B30F-8071E5975599}.Release|Mixed Platforms.ActiveCfg = Release|Any CPU
		{D4A30411-3DFF-4516-B30F-8071E5975599}.Release|Mixed Platforms.Build.0 = Release|Any CPU
		{D4A30411-3DFF-4516-B30F-8071E5975599}.Release|x86.ActiveCfg = Release|Any CPU
		{CE9DD8BE-D281-4AEA-9DA2-0E99CE5EDEF2}.Debug|Any CPU.ActiveCfg = Debug|Any CPU
		{CE9DD8BE-D281-4AEA-9DA2-0E99CE5EDEF2}.Debug|Any CPU.Build.0 = Debug|Any CPU
		{CE9DD8BE-D281-4AEA-9DA2-0E99CE5EDEF2}.Debug|Mixed Platforms.ActiveCfg = Debug|Any CPU
		{CE9DD8BE-D281-4AEA-9DA2-0E99CE5EDEF2}.Debug|Mixed Platforms.Build.0 = Debug|Any CPU
		{CE9DD8BE-D281-4AEA-9DA2-0E99CE5EDEF2}.Debug|x86.ActiveCfg = Debug|Any CPU
		{CE9DD8BE-D281-4AEA-9DA2-0E99CE5EDEF2}.Release|Any CPU.ActiveCfg = Release|Any CPU
		{CE9DD8BE-D281-4AEA-9DA2-0E99CE5EDEF2}.Release|Any CPU.Build.0 = Release|Any CPU
		{CE9DD8BE-D281-4AEA-9DA2-0E99CE5EDEF2}.Release|Mixed Platforms.ActiveCfg = Release|Any CPU
		{CE9DD8BE-D281-4AEA-9DA2-0E99CE5EDEF2}.Release|Mixed Platforms.Build.0 = Release|Any CPU
		{CE9DD8BE-D281-4AEA-9DA2-0E99CE5EDEF2}.Release|x86.ActiveCfg = Release|Any CPU
		{4D120018-56D3-4127-87B9-289433B8DCE3}.Debug|Any CPU.ActiveCfg = Debug|Any CPU
		{4D120018-56D3-4127-87B9-289433B8DCE3}.Debug|Any CPU.Build.0 = Debug|Any CPU
		{4D120018-56D3-4127-87B9-289433B8DCE3}.Debug|Mixed Platforms.ActiveCfg = Debug|Any CPU
		{4D120018-56D3-4127-87B9-289433B8DCE3}.Debug|Mixed Platforms.Build.0 = Debug|Any CPU
		{4D120018-56D3-4127-87B9-289433B8DCE3}.Debug|x86.ActiveCfg = Debug|Any CPU
		{4D120018-56D3-4127-87B9-289433B8DCE3}.Release|Any CPU.ActiveCfg = Release|Any CPU
		{4D120018-56D3-4127-87B9-289433B8DCE3}.Release|Any CPU.Build.0 = Release|Any CPU
		{4D120018-56D3-4127-87B9-289433B8DCE3}.Release|Mixed Platforms.ActiveCfg = Release|Any CPU
		{4D120018-56D3-4127-87B9-289433B8DCE3}.Release|Mixed Platforms.Build.0 = Release|Any CPU
		{4D120018-56D3-4127-87B9-289433B8DCE3}.Release|x86.ActiveCfg = Release|Any CPU
		{B5BD75B4-90B4-4BDE-9A6E-76A23A6D8B2D}.Debug|Any CPU.ActiveCfg = Debug|Any CPU
		{B5BD75B4-90B4-4BDE-9A6E-76A23A6D8B2D}.Debug|Any CPU.Build.0 = Debug|Any CPU
		{B5BD75B4-90B4-4BDE-9A6E-76A23A6D8B2D}.Debug|Mixed Platforms.ActiveCfg = Debug|Any CPU
		{B5BD75B4-90B4-4BDE-9A6E-76A23A6D8B2D}.Debug|Mixed Platforms.Build.0 = Debug|Any CPU
		{B5BD75B4-90B4-4BDE-9A6E-76A23A6D8B2D}.Debug|x86.ActiveCfg = Debug|Any CPU
		{B5BD75B4-90B4-4BDE-9A6E-76A23A6D8B2D}.Release|Any CPU.ActiveCfg = Release|Any CPU
		{B5BD75B4-90B4-4BDE-9A6E-76A23A6D8B2D}.Release|Any CPU.Build.0 = Release|Any CPU
		{B5BD75B4-90B4-4BDE-9A6E-76A23A6D8B2D}.Release|Mixed Platforms.ActiveCfg = Release|Any CPU
		{B5BD75B4-90B4-4BDE-9A6E-76A23A6D8B2D}.Release|Mixed Platforms.Build.0 = Release|Any CPU
		{B5BD75B4-90B4-4BDE-9A6E-76A23A6D8B2D}.Release|x86.ActiveCfg = Release|Any CPU
		{FFA826DE-DC5B-4C21-A72C-88CAEA3D218A}.Debug|Any CPU.ActiveCfg = Debug|Any CPU
		{FFA826DE-DC5B-4C21-A72C-88CAEA3D218A}.Debug|Any CPU.Build.0 = Debug|Any CPU
		{FFA826DE-DC5B-4C21-A72C-88CAEA3D218A}.Debug|Mixed Platforms.ActiveCfg = Debug|Any CPU
		{FFA826DE-DC5B-4C21-A72C-88CAEA3D218A}.Debug|Mixed Platforms.Build.0 = Debug|Any CPU
		{FFA826DE-DC5B-4C21-A72C-88CAEA3D218A}.Debug|x86.ActiveCfg = Debug|Any CPU
		{FFA826DE-DC5B-4C21-A72C-88CAEA3D218A}.Release|Any CPU.ActiveCfg = Release|Any CPU
		{FFA826DE-DC5B-4C21-A72C-88CAEA3D218A}.Release|Any CPU.Build.0 = Release|Any CPU
		{FFA826DE-DC5B-4C21-A72C-88CAEA3D218A}.Release|Mixed Platforms.ActiveCfg = Release|Any CPU
		{FFA826DE-DC5B-4C21-A72C-88CAEA3D218A}.Release|Mixed Platforms.Build.0 = Release|Any CPU
		{FFA826DE-DC5B-4C21-A72C-88CAEA3D218A}.Release|x86.ActiveCfg = Release|Any CPU
		{04AE621B-2B85-4695-BE42-46D070C76782}.Debug|Any CPU.ActiveCfg = Debug|Any CPU
		{04AE621B-2B85-4695-BE42-46D070C76782}.Debug|Any CPU.Build.0 = Debug|Any CPU
		{04AE621B-2B85-4695-BE42-46D070C76782}.Debug|Mixed Platforms.ActiveCfg = Debug|Any CPU
		{04AE621B-2B85-4695-BE42-46D070C76782}.Debug|Mixed Platforms.Build.0 = Debug|Any CPU
		{04AE621B-2B85-4695-BE42-46D070C76782}.Debug|x86.ActiveCfg = Debug|Any CPU
		{04AE621B-2B85-4695-BE42-46D070C76782}.Release|Any CPU.ActiveCfg = Release|Any CPU
		{04AE621B-2B85-4695-BE42-46D070C76782}.Release|Any CPU.Build.0 = Release|Any CPU
		{04AE621B-2B85-4695-BE42-46D070C76782}.Release|Mixed Platforms.ActiveCfg = Release|Any CPU
		{04AE621B-2B85-4695-BE42-46D070C76782}.Release|Mixed Platforms.Build.0 = Release|Any CPU
		{04AE621B-2B85-4695-BE42-46D070C76782}.Release|x86.ActiveCfg = Release|Any CPU
		{7D161F5B-E039-4155-BC66-D2FF760903A8}.Debug|Any CPU.ActiveCfg = Debug|Any CPU
		{7D161F5B-E039-4155-BC66-D2FF760903A8}.Debug|Any CPU.Build.0 = Debug|Any CPU
		{7D161F5B-E039-4155-BC66-D2FF760903A8}.Debug|Mixed Platforms.ActiveCfg = Debug|Any CPU
		{7D161F5B-E039-4155-BC66-D2FF760903A8}.Debug|Mixed Platforms.Build.0 = Debug|Any CPU
		{7D161F5B-E039-4155-BC66-D2FF760903A8}.Debug|x86.ActiveCfg = Debug|Any CPU
		{7D161F5B-E039-4155-BC66-D2FF760903A8}.Release|Any CPU.ActiveCfg = Release|Any CPU
		{7D161F5B-E039-4155-BC66-D2FF760903A8}.Release|Any CPU.Build.0 = Release|Any CPU
		{7D161F5B-E039-4155-BC66-D2FF760903A8}.Release|Mixed Platforms.ActiveCfg = Release|Any CPU
		{7D161F5B-E039-4155-BC66-D2FF760903A8}.Release|Mixed Platforms.Build.0 = Release|Any CPU
		{7D161F5B-E039-4155-BC66-D2FF760903A8}.Release|x86.ActiveCfg = Release|Any CPU
		{2686AF09-ED09-4CEE-B4B0-1CE0A63434D5}.Debug|Any CPU.ActiveCfg = Debug|Any CPU
		{2686AF09-ED09-4CEE-B4B0-1CE0A63434D5}.Debug|Any CPU.Build.0 = Debug|Any CPU
		{2686AF09-ED09-4CEE-B4B0-1CE0A63434D5}.Debug|Mixed Platforms.ActiveCfg = Debug|Any CPU
		{2686AF09-ED09-4CEE-B4B0-1CE0A63434D5}.Debug|Mixed Platforms.Build.0 = Debug|Any CPU
		{2686AF09-ED09-4CEE-B4B0-1CE0A63434D5}.Debug|x86.ActiveCfg = Debug|Any CPU
		{2686AF09-ED09-4CEE-B4B0-1CE0A63434D5}.Release|Any CPU.ActiveCfg = Release|Any CPU
		{2686AF09-ED09-4CEE-B4B0-1CE0A63434D5}.Release|Any CPU.Build.0 = Release|Any CPU
		{2686AF09-ED09-4CEE-B4B0-1CE0A63434D5}.Release|Mixed Platforms.ActiveCfg = Release|Any CPU
		{2686AF09-ED09-4CEE-B4B0-1CE0A63434D5}.Release|Mixed Platforms.Build.0 = Release|Any CPU
		{2686AF09-ED09-4CEE-B4B0-1CE0A63434D5}.Release|x86.ActiveCfg = Release|Any CPU
		{91155618-169B-4057-906D-E06753D76166}.Debug|Any CPU.ActiveCfg = Debug|Any CPU
		{91155618-169B-4057-906D-E06753D76166}.Debug|Any CPU.Build.0 = Debug|Any CPU
		{91155618-169B-4057-906D-E06753D76166}.Debug|Mixed Platforms.ActiveCfg = Debug|Any CPU
		{91155618-169B-4057-906D-E06753D76166}.Debug|Mixed Platforms.Build.0 = Debug|Any CPU
		{91155618-169B-4057-906D-E06753D76166}.Debug|x86.ActiveCfg = Debug|Any CPU
		{91155618-169B-4057-906D-E06753D76166}.Release|Any CPU.ActiveCfg = Release|Any CPU
		{91155618-169B-4057-906D-E06753D76166}.Release|Any CPU.Build.0 = Release|Any CPU
		{91155618-169B-4057-906D-E06753D76166}.Release|Mixed Platforms.ActiveCfg = Release|Any CPU
		{91155618-169B-4057-906D-E06753D76166}.Release|Mixed Platforms.Build.0 = Release|Any CPU
		{91155618-169B-4057-906D-E06753D76166}.Release|x86.ActiveCfg = Release|Any CPU
		{67574294-1352-48EE-A1AB-DA6A9C99DD00}.Debug|Any CPU.ActiveCfg = Debug|Any CPU
		{67574294-1352-48EE-A1AB-DA6A9C99DD00}.Debug|Any CPU.Build.0 = Debug|Any CPU
		{67574294-1352-48EE-A1AB-DA6A9C99DD00}.Debug|Mixed Platforms.ActiveCfg = Debug|Any CPU
		{67574294-1352-48EE-A1AB-DA6A9C99DD00}.Debug|Mixed Platforms.Build.0 = Debug|Any CPU
		{67574294-1352-48EE-A1AB-DA6A9C99DD00}.Debug|x86.ActiveCfg = Debug|Any CPU
		{67574294-1352-48EE-A1AB-DA6A9C99DD00}.Release|Any CPU.ActiveCfg = Release|Any CPU
		{67574294-1352-48EE-A1AB-DA6A9C99DD00}.Release|Any CPU.Build.0 = Release|Any CPU
		{67574294-1352-48EE-A1AB-DA6A9C99DD00}.Release|Mixed Platforms.ActiveCfg = Release|Any CPU
		{67574294-1352-48EE-A1AB-DA6A9C99DD00}.Release|Mixed Platforms.Build.0 = Release|Any CPU
		{67574294-1352-48EE-A1AB-DA6A9C99DD00}.Release|x86.ActiveCfg = Release|Any CPU
		{018334B0-9243-4935-9D6C-3B02C26CB344}.Debug|Any CPU.ActiveCfg = Debug|x86
		{018334B0-9243-4935-9D6C-3B02C26CB344}.Debug|Mixed Platforms.ActiveCfg = Debug|x86
		{018334B0-9243-4935-9D6C-3B02C26CB344}.Debug|Mixed Platforms.Build.0 = Debug|x86
		{018334B0-9243-4935-9D6C-3B02C26CB344}.Debug|x86.ActiveCfg = Debug|x86
		{018334B0-9243-4935-9D6C-3B02C26CB344}.Debug|x86.Build.0 = Debug|x86
		{018334B0-9243-4935-9D6C-3B02C26CB344}.Release|Any CPU.ActiveCfg = Release|x86
		{018334B0-9243-4935-9D6C-3B02C26CB344}.Release|Mixed Platforms.ActiveCfg = Release|x86
		{018334B0-9243-4935-9D6C-3B02C26CB344}.Release|Mixed Platforms.Build.0 = Release|x86
		{018334B0-9243-4935-9D6C-3B02C26CB344}.Release|x86.ActiveCfg = Release|x86
		{018334B0-9243-4935-9D6C-3B02C26CB344}.Release|x86.Build.0 = Release|x86
	EndGlobalSection
	GlobalSection(SolutionProperties) = preSolution
		HideSolutionNode = FALSE
	EndGlobalSection
	GlobalSection(NestedProjects) = preSolution
		{CE9DD8BE-D281-4AEA-9DA2-0E99CE5EDEF2} = {BD738764-F441-4CF1-A2C7-1D042E764AD9}
		{4D120018-56D3-4127-87B9-289433B8DCE3} = {BD738764-F441-4CF1-A2C7-1D042E764AD9}
		{B5BD75B4-90B4-4BDE-9A6E-76A23A6D8B2D} = {BD738764-F441-4CF1-A2C7-1D042E764AD9}
		{7D161F5B-E039-4155-BC66-D2FF760903A8} = {BD738764-F441-4CF1-A2C7-1D042E764AD9}
		{2686AF09-ED09-4CEE-B4B0-1CE0A63434D5} = {BD738764-F441-4CF1-A2C7-1D042E764AD9}
		{91155618-169B-4057-906D-E06753D76166} = {BD738764-F441-4CF1-A2C7-1D042E764AD9}
		{67574294-1352-48EE-A1AB-DA6A9C99DD00} = {BD738764-F441-4CF1-A2C7-1D042E764AD9}
	EndGlobalSection
EndGlobal
